
Microsoft Visual Studio Solution File, Format Version 12.00
# Visual Studio Version 16
VisualStudioVersion = 16.0.33529.622
MinimumVisualStudioVersion = 10.0.40219.1
Project("{FAE04EC0-301F-11D3-BF4B-00C04F79EFBC}") = "ITMO.WinCSCours2023.lab1.up1(github)", "ITMO.WinCSCours2023.lab1.up1(github)\ITMO.WinCSCours2023.lab1.up1(github).csproj", "{87E791B5-B4A3-4662-9771-CAE3EC09A8CB}"
EndProject
Global
	GlobalSection(SolutionConfigurationPlatforms) = preSolution
		Debug|Any CPU = Debug|Any CPU
		Release|Any CPU = Release|Any CPU
	EndGlobalSection
	GlobalSection(ProjectConfigurationPlatforms) = postSolution
		{87E791B5-B4A3-4662-9771-CAE3EC09A8CB}.Debug|Any CPU.ActiveCfg = Debug|Any CPU
		{87E791B5-B4A3-4662-9771-CAE3EC09A8CB}.Debug|Any CPU.Build.0 = Debug|Any CPU
		{87E791B5-B4A3-4662-9771-CAE3EC09A8CB}.Release|Any CPU.ActiveCfg = Release|Any CPU
		{87E791B5-B4A3-4662-9771-CAE3EC09A8CB}.Release|Any CPU.Build.0 = Release|Any CPU
	EndGlobalSection
	GlobalSection(SolutionProperties) = preSolution
		HideSolutionNode = FALSE
	EndGlobalSection
	GlobalSection(ExtensibilityGlobals) = postSolution
		SolutionGuid = {F54F38BB-B21D-4B8B-A366-06112BB0A88F}
	EndGlobalSection
EndGlobal
