
Microsoft Visual Studio Solution File, Format Version 12.00
# Visual Studio Version 16
VisualStudioVersion = 16.0.33529.622
MinimumVisualStudioVersion = 10.0.40219.1
Project("{FAE04EC0-301F-11D3-BF4B-00C04F79EFBC}") = "ITMO.WinCSCours2023.lab2_up1", "ITMO.WinCSCours2023.lab2_up1\ITMO.WinCSCours2023.lab2_up1.csproj", "{C6931F2A-65B5-4B12-9267-4B6DDB433582}"
EndProject
Global
	GlobalSection(SolutionConfigurationPlatforms) = preSolution
		Debug|Any CPU = Debug|Any CPU
		Release|Any CPU = Release|Any CPU
	EndGlobalSection
	GlobalSection(ProjectConfigurationPlatforms) = postSolution
		{C6931F2A-65B5-4B12-9267-4B6DDB433582}.Debug|Any CPU.ActiveCfg = Debug|Any CPU
		{C6931F2A-65B5-4B12-9267-4B6DDB433582}.Debug|Any CPU.Build.0 = Debug|Any CPU
		{C6931F2A-65B5-4B12-9267-4B6DDB433582}.Release|Any CPU.ActiveCfg = Release|Any CPU
		{C6931F2A-65B5-4B12-9267-4B6DDB433582}.Release|Any CPU.Build.0 = Release|Any CPU
	EndGlobalSection
	GlobalSection(SolutionProperties) = preSolution
		HideSolutionNode = FALSE
	EndGlobalSection
	GlobalSection(ExtensibilityGlobals) = postSolution
		SolutionGuid = {D04B6CBB-86D9-46C9-BB3B-8EEA0B9D7B45}
	EndGlobalSection
EndGlobal
