
Microsoft Visual Studio Solution File, Format Version 12.00
# Visual Studio Version 16
VisualStudioVersion = 16.0.33529.622
MinimumVisualStudioVersion = 10.0.40219.1
Project("{FAE04EC0-301F-11D3-BF4B-00C04F79EFBC}") = "ITMO.WinCSCours2023.lab2_up2", "ITMO.WinCSCours2023.lab2_up2\ITMO.WinCSCours2023.lab2_up2.csproj", "{556BF708-6A65-4B57-9800-C335BD12BE2E}"
EndProject
Global
	GlobalSection(SolutionConfigurationPlatforms) = preSolution
		Debug|Any CPU = Debug|Any CPU
		Release|Any CPU = Release|Any CPU
	EndGlobalSection
	GlobalSection(ProjectConfigurationPlatforms) = postSolution
		{556BF708-6A65-4B57-9800-C335BD12BE2E}.Debug|Any CPU.ActiveCfg = Debug|Any CPU
		{556BF708-6A65-4B57-9800-C335BD12BE2E}.Debug|Any CPU.Build.0 = Debug|Any CPU
		{556BF708-6A65-4B57-9800-C335BD12BE2E}.Release|Any CPU.ActiveCfg = Release|Any CPU
		{556BF708-6A65-4B57-9800-C335BD12BE2E}.Release|Any CPU.Build.0 = Release|Any CPU
	EndGlobalSection
	GlobalSection(SolutionProperties) = preSolution
		HideSolutionNode = FALSE
	EndGlobalSection
	GlobalSection(ExtensibilityGlobals) = postSolution
		SolutionGuid = {38F33D31-F007-4CD9-A966-2881BB20222B}
	EndGlobalSection
EndGlobal
